
Microsoft Visual Studio Solution File, Format Version 12.00
# Visual Studio Version 17
VisualStudioVersion = 17.5.33530.505
MinimumVisualStudioVersion = 10.0.40219.1
Project("{FAE04EC0-301F-11D3-BF4B-00C04F79EFBC}") = "IWT.OracleSync.Console", "IWT.OracleSync.Console\IWT.OracleSync.Console.csproj", "{99EDE57F-86A9-47CE-AA44-3965F96031F0}"
EndProject
Project("{FAE04EC0-301F-11D3-BF4B-00C04F79EFBC}") = "IWT.OracleSync.Data", "IWT.OracleSync.Data\IWT.OracleSync.Data.csproj", "{12CE3D7C-1A70-4CB4-B07E-24EFD558C2A3}"
EndProject
Project("{FAE04EC0-301F-11D3-BF4B-00C04F79EFBC}") = "IWT.OracleSync.Business", "businessLogic\IWT.OracleSync.Business.csproj", "{5A400C96-0E61-4FAA-97F1-69A0411A9C07}"
EndProject
Project("{FAE04EC0-301F-11D3-BF4B-00C04F79EFBC}") = "Oracle_Data_Synchronization.Service", "Oracle_Data_Synchronization\Oracle_Data_Synchronization.Service.csproj", "{465106F1-1D54-4E0A-9151-87D8A850DA34}"
EndProject
Project("{54435603-DBB4-11D2-8724-00A0C9A8B90C}") = "Oracle_Database_Sync.Setup", "Oracle_Database_Sync\Oracle_Database_Sync.vdproj", "{6E4935C2-1537-41BC-9E3B-159B1B6EF71B}"
EndProject
Global
	GlobalSection(SolutionConfigurationPlatforms) = preSolution
		Debug|Any CPU = Debug|Any CPU
		Release|Any CPU = Release|Any CPU
	EndGlobalSection
	GlobalSection(ProjectConfigurationPlatforms) = postSolution
		{99EDE57F-86A9-47CE-AA44-3965F96031F0}.Debug|Any CPU.ActiveCfg = Debug|Any CPU
		{99EDE57F-86A9-47CE-AA44-3965F96031F0}.Debug|Any CPU.Build.0 = Debug|Any CPU
		{99EDE57F-86A9-47CE-AA44-3965F96031F0}.Release|Any CPU.ActiveCfg = Release|Any CPU
		{99EDE57F-86A9-47CE-AA44-3965F96031F0}.Release|Any CPU.Build.0 = Release|Any CPU
		{12CE3D7C-1A70-4CB4-B07E-24EFD558C2A3}.Debug|Any CPU.ActiveCfg = Debug|Any CPU
		{12CE3D7C-1A70-4CB4-B07E-24EFD558C2A3}.Debug|Any CPU.Build.0 = Debug|Any CPU
		{12CE3D7C-1A70-4CB4-B07E-24EFD558C2A3}.Release|Any CPU.ActiveCfg = Release|Any CPU
		{12CE3D7C-1A70-4CB4-B07E-24EFD558C2A3}.Release|Any CPU.Build.0 = Release|Any CPU
		{5A400C96-0E61-4FAA-97F1-69A0411A9C07}.Debug|Any CPU.ActiveCfg = Debug|Any CPU
		{5A400C96-0E61-4FAA-97F1-69A0411A9C07}.Debug|Any CPU.Build.0 = Debug|Any CPU
		{5A400C96-0E61-4FAA-97F1-69A0411A9C07}.Release|Any CPU.ActiveCfg = Release|Any CPU
		{5A400C96-0E61-4FAA-97F1-69A0411A9C07}.Release|Any CPU.Build.0 = Release|Any CPU
		{465106F1-1D54-4E0A-9151-87D8A850DA34}.Debug|Any CPU.ActiveCfg = Debug|Any CPU
		{465106F1-1D54-4E0A-9151-87D8A850DA34}.Debug|Any CPU.Build.0 = Debug|Any CPU
		{465106F1-1D54-4E0A-9151-87D8A850DA34}.Release|Any CPU.ActiveCfg = Release|Any CPU
		{465106F1-1D54-4E0A-9151-87D8A850DA34}.Release|Any CPU.Build.0 = Release|Any CPU
		{6E4935C2-1537-41BC-9E3B-159B1B6EF71B}.Debug|Any CPU.ActiveCfg = Debug
		{6E4935C2-1537-41BC-9E3B-159B1B6EF71B}.Release|Any CPU.ActiveCfg = Release
	EndGlobalSection
	GlobalSection(SolutionProperties) = preSolution
		HideSolutionNode = FALSE
	EndGlobalSection
	GlobalSection(ExtensibilityGlobals) = postSolution
		SolutionGuid = {0FA78E40-CB56-4391-BAB4-8DDDC9F924C6}
	EndGlobalSection
EndGlobal
